{
    "_readme": [
        "This file locks the dependencies of your project to a known state",
        "Read more about it at https://getcomposer.org/doc/01-basic-usage.md#installing-dependencies",
        "This file is @generated automatically"
    ],
    "content-hash": "19e2a8100e1270e654fb9d9fd002cd00",
    "packages": [
        {
            "name": "jwilsson/spotify-web-api-php",
            "version": "5.4.0",
            "source": {
                "type": "git",
                "url": "https://github.com/jwilsson/spotify-web-api-php.git",
                "reference": "84405b37825fab39ef2dbcd924e1227bbe1b6113"
            },
            "dist": {
                "type": "zip",
                "url": "https://api.github.com/repos/jwilsson/spotify-web-api-php/zipball/84405b37825fab39ef2dbcd924e1227bbe1b6113",
                "reference": "84405b37825fab39ef2dbcd924e1227bbe1b6113",
                "shasum": ""
            },
            "require": {
                "ext-curl": "*",
                "php": "^7.3 || ^8.0"
            },
            "require-dev": {
                "php-coveralls/php-coveralls": "^2.5",
                "phpunit/phpunit": "^9.4",
                "squizlabs/php_codesniffer": "^3.0"
            },
            "type": "library",
            "autoload": {
                "psr-4": {
                    "SpotifyWebAPI\\": "src/"
                }
            },
            "notification-url": "https://packagist.org/downloads/",
            "license": [
                "MIT"
            ],
            "authors": [
                {
                    "name": "Jonathan Wilsson",
                    "email": "jonathan.wilsson@gmail.com"
                }
            ],
            "description": "A PHP wrapper for Spotify's Web API.",
            "homepage": "https://github.com/jwilsson/spotify-web-api-php",
            "keywords": [
                "spotify"
            ],
            "support": {
                "issues": "https://github.com/jwilsson/spotify-web-api-php/issues",
                "source": "https://github.com/jwilsson/spotify-web-api-php/tree/5.4.0"
            },
            "time": "2022-10-16T17:15:38+00:00"
        }
    ],
    "packages-dev": [],
    "aliases": [],
    "minimum-stability": "stable",
    "stability-flags": [],
    "prefer-stable": false,
    "prefer-lowest": false,
    "platform": [],
    "platform-dev": [],
    "plugin-api-version": "2.3.0"
}
